{
    "_readme": [
        "This file locks the dependencies of your project to a known state",
        "Read more about it at https://getcomposer.org/doc/01-basic-usage.md#composer-lock-the-lock-file",
        "This file is @generated automatically"
    ],
    "hash": "3aa1fb282c6457f1297042cb17b9a425",
    "packages": [
        {
            "name": "boomers/cs-billing",
            "version": "dev-master",
            "source": {
                "type": "git",
                "url": "git@bitbucket.org:boomersweb/cs-billing.git",
                "reference": "43382e40b3e4e8c0944b5af19b7365a8585a7db5"
            },
            "require": {
                "boomers/cs-models": "dev-master",
                "boomers/seller": "dev-master",
                "php": ">=5.4.0"
            },
            "require-dev": {
                "phpunit/phpunit": "4.*"
            },
            "type": "library",
            "autoload": {
                "psr-4": {
                    "CS\\Billing\\": "src/"
                }
            },
            "license": [
                "MIT"
            ],
            "time": "2015-04-09 09:05:56"
        },
        {
            "name": "boomers/cs-devices",
            "version": "dev-master",
            "source": {
                "type": "git",
                "url": "git@bitbucket.org:boomersweb/cs-devices.git",
                "reference": "74b2378e0b1ad8bae6da7d3a8f4259abdeb02d09"
            },
            "require": {
                "boomers/cs-mail": "dev-master",
                "boomers/cs-models": "dev-master",
                "boomers/cs-settings": "dev-master",
                "boomers/cs-users": "dev-master",
                "boomers/ip": "dev-master",
                "php": ">=5.4.0",
                "predis/predis": "1.0.0"
            },
            "require-dev": {
                "phpunit/phpunit": "4.*"
            },
            "type": "library",
            "autoload": {
                "psr-4": {
                    "CS\\Devices\\": "src/"
                }
            },
            "license": [
                "MIT"
            ],
            "time": "2015-05-19 11:53:09"
        },
        {
            "name": "boomers/cs-icloud",
            "version": "dev-master",
            "source": {
                "type": "git",
                "url": "git@bitbucket.org:boomersweb/cs-icloud.git",
                "reference": "1cf5ad6d74561cc426c358f333270ef1b9ed82e8"
            },
            "require": {
                "php": ">=5.3.0"
            },
            "type": "library",
            "autoload": {
                "classmap": [
                    "PB/",
                    "proto/pb_icloud.php"
                ],
                "psr-4": {
                    "CS\\ICloud\\": "src/"
                }
            },
            "license": [
                "MIT"
            ],
            "time": "2015-04-20 09:46:39"
        },
        {
            "name": "boomers/cs-mail",
            "version": "dev-master",
            "source": {
                "type": "git",
                "url": "git@bitbucket.org:boomersweb/cs-mail.git",
                "reference": "0941ed0f3ddbe8b855b63004f1500d9db0891f7b"
            },
            "require": {
                "guzzlehttp/guzzle": "~5.0",
                "php": ">=5.4.0"
            },
            "require-dev": {
                "phpunit/phpunit": "4.*"
            },
            "type": "library",
            "autoload": {
                "psr-4": {
                    "CS\\Mail\\": "src/"
                }
            },
            "license": [
                "MIT"
            ],
            "time": "2015-05-11 15:33:33"
        },
        {
            "name": "boomers/cs-models",
            "version": "dev-master",
            "source": {
                "type": "git",
                "url": "git@bitbucket.org:boomersweb/cs-models.git",
                "reference": "2629a92241dcfcaebb0e79d8fdfd57295832dd11"
            },
            "require": {
                "php": ">=5.4.0"
            },
            "require-dev": {
                "phpunit/phpunit": "4.*"
            },
            "type": "library",
            "autoload": {
                "psr-4": {
                    "CS\\Models\\": "src/"
                }
            },
            "time": "2015-05-20 12:57:02"
        },
        {
            "name": "boomers/cs-queue",
            "version": "dev-master",
            "source": {
                "type": "git",
                "url": "git@bitbucket.org:boomersweb/cs-queue.git",
                "reference": "89f6ed4049bbdf77098c74eec6e9aae7c9da4fcc"
            },
            "require": {
                "boomers/cs-models": "dev-master",
                "boomers/cs-settings": "dev-master",
                "monolog/monolog": "1.*",
                "php": ">=5.3.0",
                "videlalvaro/php-amqplib": "2.2.*"
            },
            "type": "library",
            "autoload": {
                "psr-4": {
                    "CS\\Queue\\": "src/"
                }
            },
            "time": "2015-05-15 12:01:55"
        },
        {
            "name": "boomers/cs-settings",
            "version": "dev-master",
            "source": {
                "type": "git",
                "url": "git@bitbucket.org:boomersweb/cs-settings.git",
                "reference": "f31a68c21006c2564c39ed56360c8dfc6b8e24b3"
            },
            "require": {
                "php": ">=5.4.0"
            },
            "type": "library",
            "autoload": {
                "psr-4": {
                    "CS\\Settings\\": "src/"
                }
            },
            "time": "2015-04-29 13:32:51"
        },
        {
            "name": "boomers/cs-users",
            "version": "dev-master",
            "source": {
                "type": "git",
                "url": "git@bitbucket.org:boomersweb/cs-users.git",
                "reference": "10f46a31d94038020d059d70a41afdfbd410606a"
            },
            "require": {
                "boomers/cs-mail": "dev-master",
                "boomers/cs-models": "dev-master",
                "boomers/ip": "dev-master",
                "php": ">=5.3.0"
            },
            "require-dev": {
                "phpunit/phpunit": "4.*"
            },
            "type": "library",
            "autoload": {
                "psr-4": {
                    "CS\\Users\\": "src/"
                }
            },
            "license": [
                "MIT"
            ],
            "time": "2015-05-14 12:48:26"
        },
        {
            "name": "boomers/ip",
            "version": "dev-master",
            "source": {
                "type": "git",
                "url": "git@bitbucket.org:boomersweb/ip.git",
                "reference": "e1dc30ca7f96a570f73127cfa09426330581ccf2"
            },
            "require": {
                "php": ">=5.2.0"
            },
            "type": "library",
            "autoload": {
                "classmap": [
                    "src/IP.php"
                ]
            },
            "time": "2014-11-11 13:33:06"
        },
        {
            "name": "boomers/seller",
            "version": "dev-master",
            "source": {
                "type": "git",
                "url": "git@bitbucket.org:boomersweb/seller.git",
                "reference": "36dbf462975288e4d18894da3495d5ef63b9d4b7"
            },
            "require": {
                "guzzlehttp/guzzle": "~5.0",
                "php": ">=5.4.0"
            },
            "require-dev": {
                "phpunit/phpunit": "4.*"
            },
            "type": "library",
            "autoload": {
                "psr-4": {
                    "Seller\\": "src/"
                }
            },
            "license": [
                "MIT"
            ],
            "time": "2015-04-08 09:41:16"
        },
        {
            "name": "fenom/fenom",
            "version": "2.6.1",
            "source": {
                "type": "git",
                "url": "https://github.com/fenom-template/fenom.git",
                "reference": "7f05e13725a9e6a73cee89d844cdf2ca08d32413"
            },
            "dist": {
                "type": "zip",
                "url": "https://api.github.com/repos/fenom-template/fenom/zipball/7f05e13725a9e6a73cee89d844cdf2ca08d32413",
                "reference": "7f05e13725a9e6a73cee89d844cdf2ca08d32413",
                "shasum": ""
            },
            "require": {
                "ext-tokenizer": "*",
                "php": ">=5.3.0"
            },
            "require-dev": {
                "phpunit/phpunit": "*",
                "satooshi/php-coveralls": "dev-master"
            },
            "type": "library",
            "autoload": {
                "psr-0": {
                    "Fenom\\": "src/"
                },
                "classmap": [
                    "src/Fenom.php"
                ]
            },
            "notification-url": "https://packagist.org/downloads/",
            "license": [
                "BSD-3"
            ],
            "authors": [
                {
                    "name": "Ivan Shalganov",
                    "email": "a.cobest@gmail.com"
                }
            ],
            "description": "Fenom - excellent template engine for PHP",
            "keywords": [
                "fenom",
                "template",
                "templater",
                "templating"
            ],
            "time": "2015-04-26 19:32:22"
        },
        {
            "name": "filp/whoops",
            "version": "1.1.5",
            "source": {
                "type": "git",
                "url": "https://github.com/filp/whoops.git",
                "reference": "c982fe62c44798c433229cb0425c61b487cc1883"
            },
            "dist": {
                "type": "zip",
                "url": "https://api.github.com/repos/filp/whoops/zipball/c982fe62c44798c433229cb0425c61b487cc1883",
                "reference": "c982fe62c44798c433229cb0425c61b487cc1883",
                "shasum": ""
            },
            "require": {
                "php": ">=5.3.0"
            },
            "require-dev": {
                "mockery/mockery": "0.9.*"
            },
            "type": "library",
            "extra": {
                "branch-alias": {
                    "dev-master": "1.2-dev"
                }
            },
            "autoload": {
                "psr-0": {
                    "Whoops": "src/"
                },
                "classmap": [
                    "src/deprecated"
                ]
            },
            "notification-url": "https://packagist.org/downloads/",
            "license": [
                "MIT"
            ],
            "authors": [
                {
                    "name": "Filipe Dobreira",
                    "homepage": "https://github.com/filp",
                    "role": "Developer"
                }
            ],
            "description": "php error handling for cool kids",
            "homepage": "https://github.com/filp/whoops",
            "keywords": [
                "error",
                "exception",
                "handling",
                "library",
                "silex-provider",
                "whoops",
                "zf2"
            ],
            "time": "2015-03-30 15:26:59"
        },
        {
            "name": "guzzlehttp/guzzle",
            "version": "5.3.0",
            "source": {
                "type": "git",
                "url": "https://github.com/guzzle/guzzle.git",
                "reference": "f3c8c22471cb55475105c14769644a49c3262b93"
            },
            "dist": {
                "type": "zip",
                "url": "https://api.github.com/repos/guzzle/guzzle/zipball/f3c8c22471cb55475105c14769644a49c3262b93",
                "reference": "f3c8c22471cb55475105c14769644a49c3262b93",
                "shasum": ""
            },
            "require": {
                "guzzlehttp/ringphp": "^1.1",
                "php": ">=5.4.0"
            },
            "require-dev": {
                "ext-curl": "*",
                "phpunit/phpunit": "^4.0",
                "psr/log": "^1.0"
            },
            "type": "library",
            "extra": {
                "branch-alias": {
                    "dev-master": "5.0-dev"
                }
            },
            "autoload": {
                "psr-4": {
                    "GuzzleHttp\\": "src/"
                }
            },
            "notification-url": "https://packagist.org/downloads/",
            "license": [
                "MIT"
            ],
            "authors": [
                {
                    "name": "Michael Dowling",
                    "email": "mtdowling@gmail.com",
                    "homepage": "https://github.com/mtdowling"
                }
            ],
            "description": "Guzzle is a PHP HTTP client library and framework for building RESTful web service clients",
            "homepage": "http://guzzlephp.org/",
            "keywords": [
                "client",
                "curl",
                "framework",
                "http",
                "http client",
                "rest",
                "web service"
            ],
            "time": "2015-05-20 03:47:55"
        },
        {
            "name": "guzzlehttp/ringphp",
            "version": "1.1.0",
            "source": {
                "type": "git",
                "url": "https://github.com/guzzle/RingPHP.git",
                "reference": "dbbb91d7f6c191e5e405e900e3102ac7f261bc0b"
            },
            "dist": {
                "type": "zip",
                "url": "https://api.github.com/repos/guzzle/RingPHP/zipball/dbbb91d7f6c191e5e405e900e3102ac7f261bc0b",
                "reference": "dbbb91d7f6c191e5e405e900e3102ac7f261bc0b",
                "shasum": ""
            },
            "require": {
                "guzzlehttp/streams": "~3.0",
                "php": ">=5.4.0",
                "react/promise": "~2.0"
            },
            "require-dev": {
                "ext-curl": "*",
                "phpunit/phpunit": "~4.0"
            },
            "suggest": {
                "ext-curl": "Guzzle will use specific adapters if cURL is present"
            },
            "type": "library",
            "extra": {
                "branch-alias": {
                    "dev-master": "1.1-dev"
                }
            },
            "autoload": {
                "psr-4": {
                    "GuzzleHttp\\Ring\\": "src/"
                }
            },
            "notification-url": "https://packagist.org/downloads/",
            "license": [
                "MIT"
            ],
            "authors": [
                {
                    "name": "Michael Dowling",
                    "email": "mtdowling@gmail.com",
                    "homepage": "https://github.com/mtdowling"
                }
            ],
            "description": "Provides a simple API and specification that abstracts away the details of HTTP into a single PHP function.",
            "time": "2015-05-20 03:37:09"
        },
        {
            "name": "guzzlehttp/streams",
            "version": "3.0.0",
            "source": {
                "type": "git",
                "url": "https://github.com/guzzle/streams.git",
                "reference": "47aaa48e27dae43d39fc1cea0ccf0d84ac1a2ba5"
            },
            "dist": {
                "type": "zip",
                "url": "https://api.github.com/repos/guzzle/streams/zipball/47aaa48e27dae43d39fc1cea0ccf0d84ac1a2ba5",
                "reference": "47aaa48e27dae43d39fc1cea0ccf0d84ac1a2ba5",
                "shasum": ""
            },
            "require": {
                "php": ">=5.4.0"
            },
            "require-dev": {
                "phpunit/phpunit": "~4.0"
            },
            "type": "library",
            "extra": {
                "branch-alias": {
                    "dev-master": "3.0-dev"
                }
            },
            "autoload": {
                "psr-4": {
                    "GuzzleHttp\\Stream\\": "src/"
                }
            },
            "notification-url": "https://packagist.org/downloads/",
            "license": [
                "MIT"
            ],
            "authors": [
                {
                    "name": "Michael Dowling",
                    "email": "mtdowling@gmail.com",
                    "homepage": "https://github.com/mtdowling"
                }
            ],
            "description": "Provides a simple abstraction over streams of data",
            "homepage": "http://guzzlephp.org/",
            "keywords": [
                "Guzzle",
                "stream"
            ],
            "time": "2014-10-12 19:18:40"
        },
        {
            "name": "monolog/monolog",
            "version": "1.13.1",
            "source": {
                "type": "git",
                "url": "https://github.com/Seldaek/monolog.git",
                "reference": "c31a2c4e8db5da8b46c74cf275d7f109c0f249ac"
            },
            "dist": {
                "type": "zip",
                "url": "https://api.github.com/repos/Seldaek/monolog/zipball/c31a2c4e8db5da8b46c74cf275d7f109c0f249ac",
                "reference": "c31a2c4e8db5da8b46c74cf275d7f109c0f249ac",
                "shasum": ""
            },
            "require": {
                "php": ">=5.3.0",
                "psr/log": "~1.0"
            },
            "provide": {
                "psr/log-implementation": "1.0.0"
            },
            "require-dev": {
                "aws/aws-sdk-php": "~2.4, >2.4.8",
                "doctrine/couchdb": "~1.0@dev",
                "graylog2/gelf-php": "~1.0",
                "phpunit/phpunit": "~4.0",
                "raven/raven": "~0.5",
                "ruflin/elastica": "0.90.*",
                "swiftmailer/swiftmailer": "~5.3",
                "videlalvaro/php-amqplib": "~2.4"
            },
            "suggest": {
                "aws/aws-sdk-php": "Allow sending log messages to AWS services like DynamoDB",
                "doctrine/couchdb": "Allow sending log messages to a CouchDB server",
                "ext-amqp": "Allow sending log messages to an AMQP server (1.0+ required)",
                "ext-mongo": "Allow sending log messages to a MongoDB server",
                "graylog2/gelf-php": "Allow sending log messages to a GrayLog2 server",
                "raven/raven": "Allow sending log messages to a Sentry server",
                "rollbar/rollbar": "Allow sending log messages to Rollbar",
                "ruflin/elastica": "Allow sending log messages to an Elastic Search server",
                "videlalvaro/php-amqplib": "Allow sending log messages to an AMQP server using php-amqplib"
            },
            "type": "library",
            "extra": {
                "branch-alias": {
                    "dev-master": "1.13.x-dev"
                }
            },
            "autoload": {
                "psr-4": {
                    "Monolog\\": "src/Monolog"
                }
            },
            "notification-url": "https://packagist.org/downloads/",
            "license": [
                "MIT"
            ],
            "authors": [
                {
                    "name": "Jordi Boggiano",
                    "email": "j.boggiano@seld.be",
                    "homepage": "http://seld.be"
                }
            ],
            "description": "Sends your logs to files, sockets, inboxes, databases and various web services",
            "homepage": "http://github.com/Seldaek/monolog",
            "keywords": [
                "log",
                "logging",
                "psr-3"
            ],
            "time": "2015-03-09 09:58:04"
        },
        {
            "name": "predis/predis",
            "version": "v1.0.0",
            "source": {
                "type": "git",
                "url": "https://github.com/nrk/predis.git",
                "reference": "d4be306d0aca28b5633b96adef03b29fea569c2f"
            },
            "dist": {
                "type": "zip",
                "url": "https://api.github.com/repos/nrk/predis/zipball/d4be306d0aca28b5633b96adef03b29fea569c2f",
                "reference": "d4be306d0aca28b5633b96adef03b29fea569c2f",
                "shasum": ""
            },
            "require": {
                "php": ">=5.3.2"
            },
            "require-dev": {
                "phpunit/phpunit": "~4.0"
            },
            "suggest": {
                "ext-curl": "Allows access to Webdis when paired with phpiredis",
                "ext-phpiredis": "Allows faster serialization and deserialization of the Redis protocol"
            },
            "type": "library",
            "extra": {
                "branch-alias": {
                    "dev-master": "1.0-dev"
                }
            },
            "autoload": {
                "psr-4": {
                    "Predis\\": "src/"
                }
            },
            "notification-url": "https://packagist.org/downloads/",
            "license": [
                "MIT"
            ],
            "authors": [
                {
                    "name": "Daniele Alessandri",
                    "email": "suppakilla@gmail.com",
                    "homepage": "http://clorophilla.net"
                }
            ],
            "description": "Flexible and feature-complete PHP client library for Redis",
            "homepage": "http://github.com/nrk/predis",
            "keywords": [
                "nosql",
                "predis",
                "redis"
            ],
            "time": "2014-08-01 09:59:50"
        },
        {
            "name": "psr/log",
            "version": "1.0.0",
            "source": {
                "type": "git",
                "url": "https://github.com/php-fig/log.git",
                "reference": "fe0936ee26643249e916849d48e3a51d5f5e278b"
            },
            "dist": {
                "type": "zip",
                "url": "https://api.github.com/repos/php-fig/log/zipball/fe0936ee26643249e916849d48e3a51d5f5e278b",
                "reference": "fe0936ee26643249e916849d48e3a51d5f5e278b",
                "shasum": ""
            },
            "type": "library",
            "autoload": {
                "psr-0": {
                    "Psr\\Log\\": ""
                }
            },
            "notification-url": "https://packagist.org/downloads/",
            "license": [
                "MIT"
            ],
            "authors": [
                {
                    "name": "PHP-FIG",
                    "homepage": "http://www.php-fig.org/"
                }
            ],
            "description": "Common interface for logging libraries",
            "keywords": [
                "log",
                "psr",
                "psr-3"
            ],
            "time": "2012-12-21 11:40:51"
        },
        {
            "name": "rastor/amazon-s3-php-class",
            "version": "0.5.1",
            "source": {
                "type": "git",
                "url": "https://github.com/oRastor/amazon-s3-php-class.git",
                "reference": "5494ea2ef1e020cd65793ca50d697a93e822db03"
            },
            "dist": {
                "type": "zip",
                "url": "https://api.github.com/repos/oRastor/amazon-s3-php-class/zipball/5494ea2ef1e020cd65793ca50d697a93e822db03",
                "reference": "5494ea2ef1e020cd65793ca50d697a93e822db03",
                "shasum": ""
            },
            "require": {
                "php": ">=5.2.0"
            },
            "type": "library",
            "autoload": {
                "classmap": [
                    "S3.php"
                ]
            },
            "notification-url": "https://packagist.org/downloads/",
            "license": [
                "BSD-2-Clause"
            ],
            "authors": [
                {
                    "name": "Donovan Schönknecht",
                    "email": "don@tpyo.net"
                },
                {
                    "name": "Orest Budzhak",
                    "email": "doom4eg@gmail.com"
                }
            ],
            "description": "A standalone Amazon S3 (REST) client for PHP 5.2.x using CURL that does not require PEAR.",
            "homepage": "https://github.com/tpyo/amazon-s3-php-class",
            "time": "2014-10-01 14:18:42"
        },
        {
            "name": "rastor/system",
            "version": "0.5.4.11",
            "source": {
                "type": "git",
                "url": "https://github.com/oRastor/system.git",
                "reference": "eded608b4afcc39bcfa87476754abe35cb5c6046"
            },
            "dist": {
                "type": "zip",
                "url": "https://api.github.com/repos/oRastor/system/zipball/eded608b4afcc39bcfa87476754abe35cb5c6046",
                "reference": "eded608b4afcc39bcfa87476754abe35cb5c6046",
                "shasum": ""
            },
            "require": {
                "php": ">=5.4.0"
            },
            "require-dev": {
                "fenom/fenom": "2.*",
                "phpunit/phpunit": "4.0.*",
                "predis/predis": "~1.0",
                "satooshi/php-coveralls": "dev-master",
                "smarty/smarty": "3.1.11"
            },
            "type": "library",
            "autoload": {
                "psr-4": {
                    "System\\": "src"
                }
            },
            "notification-url": "https://packagist.org/downloads/",
            "license": [
                "MIT"
            ],
            "authors": [
                {
                    "name": "Orest Budjak",
                    "email": "doom4eg@gmail.com",
                    "homepage": "http://rastor.name"
                }
            ],
            "time": "2015-03-10 07:33:18"
        },
        {
            "name": "react/promise",
            "version": "v2.2.0",
            "source": {
                "type": "git",
                "url": "https://github.com/reactphp/promise.git",
                "reference": "365fcee430dfa4ace1fbc75737ca60ceea7eeeef"
            },
            "dist": {
                "type": "zip",
                "url": "https://api.github.com/repos/reactphp/promise/zipball/365fcee430dfa4ace1fbc75737ca60ceea7eeeef",
                "reference": "365fcee430dfa4ace1fbc75737ca60ceea7eeeef",
                "shasum": ""
            },
            "require": {
                "php": ">=5.4.0"
            },
            "type": "library",
            "extra": {
                "branch-alias": {
                    "dev-master": "2.0-dev"
                }
            },
            "autoload": {
                "psr-4": {
                    "React\\Promise\\": "src/"
                },
                "files": [
                    "src/functions_include.php"
                ]
            },
            "notification-url": "https://packagist.org/downloads/",
            "license": [
                "MIT"
            ],
            "authors": [
                {
                    "name": "Jan Sorgalla",
                    "email": "jsorgalla@googlemail.com"
                }
            ],
            "description": "A lightweight implementation of CommonJS Promises/A for PHP",
            "time": "2014-12-30 13:32:42"
        },
        {
            "name": "symfony/console",
            "version": "v2.6.7",
            "target-dir": "Symfony/Component/Console",
            "source": {
                "type": "git",
                "url": "https://github.com/symfony/Console.git",
                "reference": "ebc5679854aa24ed7d65062e9e3ab0b18a917272"
            },
            "dist": {
                "type": "zip",
                "url": "https://api.github.com/repos/symfony/Console/zipball/ebc5679854aa24ed7d65062e9e3ab0b18a917272",
                "reference": "ebc5679854aa24ed7d65062e9e3ab0b18a917272",
                "shasum": ""
            },
            "require": {
                "php": ">=5.3.3"
            },
            "require-dev": {
                "psr/log": "~1.0",
                "symfony/event-dispatcher": "~2.1",
                "symfony/phpunit-bridge": "~2.7",
                "symfony/process": "~2.1"
            },
            "suggest": {
                "psr/log": "For using the console logger",
                "symfony/event-dispatcher": "",
                "symfony/process": ""
            },
            "type": "library",
            "extra": {
                "branch-alias": {
                    "dev-master": "2.6-dev"
                }
            },
            "autoload": {
                "psr-0": {
                    "Symfony\\Component\\Console\\": ""
                }
            },
            "notification-url": "https://packagist.org/downloads/",
            "license": [
                "MIT"
            ],
            "authors": [
                {
                    "name": "Fabien Potencier",
                    "email": "fabien@symfony.com"
                },
                {
                    "name": "Symfony Community",
                    "homepage": "https://symfony.com/contributors"
                }
            ],
            "description": "Symfony Console Component",
            "homepage": "https://symfony.com",
            "time": "2015-05-02 15:18:45"
        },
        {
            "name": "videlalvaro/php-amqplib",
            "version": "v2.2.6",
            "source": {
                "type": "git",
                "url": "https://github.com/videlalvaro/php-amqplib.git",
                "reference": "6ef2ca9a45bb9fb20872f824f4c7c1518315bd3f"
            },
            "dist": {
                "type": "zip",
                "url": "https://api.github.com/repos/videlalvaro/php-amqplib/zipball/6ef2ca9a45bb9fb20872f824f4c7c1518315bd3f",
                "reference": "6ef2ca9a45bb9fb20872f824f4c7c1518315bd3f",
                "shasum": ""
            },
            "require": {
                "ext-bcmath": "*",
                "php": ">=5.3.0"
            },
            "require-dev": {
                "phpunit/phpunit": "3.7.*"
            },
            "type": "library",
            "autoload": {
                "psr-0": {
                    "PhpAmqpLib": ""
                }
            },
            "notification-url": "https://packagist.org/downloads/",
            "license": [
                "LGPL-2.1"
            ],
            "authors": [
                {
                    "name": "Alvaro Videla"
                }
            ],
            "description": "This library is a pure PHP implementation of the AMQP protocol. It's been tested against RabbitMQ.",
            "homepage": "https://github.com/videlalvaro/php-amqplib/",
            "keywords": [
                "message",
                "queue",
                "rabbitmq"
            ],
            "time": "2013-12-22 12:49:53"
        }
    ],
    "packages-dev": [],
    "aliases": [],
    "minimum-stability": "stable",
    "stability-flags": {
        "boomers/ip": 20,
        "boomers/cs-models": 20,
        "boomers/cs-mail": 20,
        "boomers/cs-settings": 20,
        "boomers/cs-users": 20,
        "boomers/cs-devices": 20,
        "boomers/cs-billing": 20,
        "boomers/seller": 20,
        "boomers/cs-icloud": 20,
        "boomers/cs-queue": 20
    },
    "prefer-stable": false,
    "prefer-lowest": false,
    "platform": {
        "php": ">=5.3.0",
        "ext-pdo": "*"
    },
    "platform-dev": []
}
